// !$*UTF8*$!
{
	archiveVersion = 1;
	classes = {
	};
	objectVersion = 56;
	objects = {

/* Begin PBXBuildFile section */
		86AC2E332AA22FBD006BB8A8 /* AppDelegate.swift in Sources */ = {isa = PBXBuildFile; fileRef = 86AC2E322AA22FBD006BB8A8 /* AppDelegate.swift */; };
		86AC2E352AA22FBD006BB8A8 /* SceneDelegate.swift in Sources */ = {isa = PBXBuildFile; fileRef = 86AC2E342AA22FBD006BB8A8 /* SceneDelegate.swift */; };
		86AC2E3A2AA22FBD006BB8A8 /* Main.storyboard in Resources */ = {isa = PBXBuildFile; fileRef = 86AC2E382AA22FBD006BB8A8 /* Main.storyboard */; };
		86AC2E3C2AA22FBE006BB8A8 /* Assets.xcassets in Resources */ = {isa = PBXBuildFile; fileRef = 86AC2E3B2AA22FBE006BB8A8 /* Assets.xcassets */; };
		86AC2E3F2AA22FBE006BB8A8 /* LaunchScreen.storyboard in Resources */ = {isa = PBXBuildFile; fileRef = 86AC2E3D2AA22FBE006BB8A8 /* LaunchScreen.storyboard */; };
		86AC2E492AA23052006BB8A8 /* AlertListViewController.swift in Sources */ = {isa = PBXBuildFile; fileRef = 86AC2E482AA23052006BB8A8 /* AlertListViewController.swift */; };
		86AC2E4C2AA237DA006BB8A8 /* AlertListCell.swift in Sources */ = {isa = PBXBuildFile; fileRef = 86AC2E4A2AA237DA006BB8A8 /* AlertListCell.swift */; };
		86AC2E4D2AA237DA006BB8A8 /* AlertListCell.xib in Resources */ = {isa = PBXBuildFile; fileRef = 86AC2E4B2AA237DA006BB8A8 /* AlertListCell.xib */; };
		86AC2E4F2AA23BBE006BB8A8 /* Alert.swift in Sources */ = {isa = PBXBuildFile; fileRef = 86AC2E4E2AA23BBE006BB8A8 /* Alert.swift */; };
		86AC2E512AA24FEB006BB8A8 /* AddAlertViewController.swift in Sources */ = {isa = PBXBuildFile; fileRef = 86AC2E502AA24FEB006BB8A8 /* AddAlertViewController.swift */; };
/* End PBXBuildFile section */

/* Begin PBXFileReference section */
		86AC2E2F2AA22FBD006BB8A8 /* DrinkNotification.app */ = {isa = PBXFileReference; explicitFileType = wrapper.application; includeInIndex = 0; path = DrinkNotification.app; sourceTree = BUILT_PRODUCTS_DIR; };
		86AC2E322AA22FBD006BB8A8 /* AppDelegate.swift */ = {isa = PBXFileReference; lastKnownFileType = sourcecode.swift; path = AppDelegate.swift; sourceTree = "<group>"; };
		86AC2E342AA22FBD006BB8A8 /* SceneDelegate.swift */ = {isa = PBXFileReference; lastKnownFileType = sourcecode.swift; path = SceneDelegate.swift; sourceTree = "<group>"; };
		86AC2E392AA22FBD006BB8A8 /* Base */ = {isa = PBXFileReference; lastKnownFileType = file.storyboard; name = Base; path = Base.lproj/Main.storyboard; sourceTree = "<group>"; };
		86AC2E3B2AA22FBE006BB8A8 /* Assets.xcassets */ = {isa = PBXFileReference; lastKnownFileType = folder.assetcatalog; path = Assets.xcassets; sourceTree = "<group>"; };
		86AC2E3E2AA22FBE006BB8A8 /* Base */ = {isa = PBXFileReference; lastKnownFileType = file.storyboard; name = Base; path = Base.lproj/LaunchScreen.storyboard; sourceTree = "<group>"; };
		86AC2E402AA22FBE006BB8A8 /* Info.plist */ = {isa = PBXFileReference; lastKnownFileType = text.plist.xml; path = Info.plist; sourceTree = "<group>"; };
		86AC2E482AA23052006BB8A8 /* AlertListViewController.swift */ = {isa = PBXFileReference; lastKnownFileType = sourcecode.swift; path = AlertListViewController.swift; sourceTree = "<group>"; };
		86AC2E4A2AA237DA006BB8A8 /* AlertListCell.swift */ = {isa = PBXFileReference; lastKnownFileType = sourcecode.swift; path = AlertListCell.swift; sourceTree = "<group>"; };
		86AC2E4B2AA237DA006BB8A8 /* AlertListCell.xib */ = {isa = PBXFileReference; lastKnownFileType = file.xib; path = AlertListCell.xib; sourceTree = "<group>"; };
		86AC2E4E2AA23BBE006BB8A8 /* Alert.swift */ = {isa = PBXFileReference; lastKnownFileType = sourcecode.swift; path = Alert.swift; sourceTree = "<group>"; };
		86AC2E502AA24FEB006BB8A8 /* AddAlertViewController.swift */ = {isa = PBXFileReference; lastKnownFileType = sourcecode.swift; path = AddAlertViewController.swift; sourceTree = "<group>"; };
/* End PBXFileReference section */

/* Begin PBXFrameworksBuildPhase section */
		86AC2E2C2AA22FBD006BB8A8 /* Frameworks */ = {
			isa = PBXFrameworksBuildPhase;
			buildActionMask = 2147483647;
			files = (
			);
			runOnlyForDeploymentPostprocessing = 0;
		};
/* End PBXFrameworksBuildPhase section */

/* Begin PBXGroup section */
		86AC2E262AA22FBD006BB8A8 = {
			isa = PBXGroup;
			children = (
				86AC2E312AA22FBD006BB8A8 /* DrinkNotification */,
				86AC2E302AA22FBD006BB8A8 /* Products */,
			);
			sourceTree = "<group>";
		};
		86AC2E302AA22FBD006BB8A8 /* Products */ = {
			isa = PBXGroup;
			children = (
				86AC2E2F2AA22FBD006BB8A8 /* DrinkNotification.app */,
			);
			name = Products;
			sourceTree = "<group>";
		};
		86AC2E312AA22FBD006BB8A8 /* DrinkNotification */ = {
			isa = PBXGroup;
			children = (
				86AC2E322AA22FBD006BB8A8 /* AppDelegate.swift */,
				86AC2E342AA22FBD006BB8A8 /* SceneDelegate.swift */,
				86AC2E482AA23052006BB8A8 /* AlertListViewController.swift */,
				86AC2E4E2AA23BBE006BB8A8 /* Alert.swift */,
				86AC2E4A2AA237DA006BB8A8 /* AlertListCell.swift */,
				86AC2E502AA24FEB006BB8A8 /* AddAlertViewController.swift */,
				86AC2E382AA22FBD006BB8A8 /* Main.storyboard */,
				86AC2E4B2AA237DA006BB8A8 /* AlertListCell.xib */,
				86AC2E3B2AA22FBE006BB8A8 /* Assets.xcassets */,
				86AC2E3D2AA22FBE006BB8A8 /* LaunchScreen.storyboard */,
				86AC2E402AA22FBE006BB8A8 /* Info.plist */,
			);
			path = DrinkNotification;
			sourceTree = "<group>";
		};
/* End PBXGroup section */

/* Begin PBXNativeTarget section */
		86AC2E2E2AA22FBD006BB8A8 /* DrinkNotification */ = {
			isa = PBXNativeTarget;
			buildConfigurationList = 86AC2E432AA22FBE006BB8A8 /* Build configuration list for PBXNativeTarget "DrinkNotification" */;
			buildPhases = (
				86AC2E2B2AA22FBD006BB8A8 /* Sources */,
				86AC2E2C2AA22FBD006BB8A8 /* Frameworks */,
				86AC2E2D2AA22FBD006BB8A8 /* Resources */,
			);
			buildRules = (
			);
			dependencies = (
			);
			name = DrinkNotification;
			productName = DrinkNotification;
			productReference = 86AC2E2F2AA22FBD006BB8A8 /* DrinkNotification.app */;
			productType = "com.apple.product-type.application";
		};
/* End PBXNativeTarget section */

/* Begin PBXProject section */
		86AC2E272AA22FBD006BB8A8 /* Project object */ = {
			isa = PBXProject;
			attributes = {
				BuildIndependentTargetsInParallel = 1;
				LastSwiftUpdateCheck = 1430;
				LastUpgradeCheck = 1430;
				TargetAttributes = {
					86AC2E2E2AA22FBD006BB8A8 = {
						CreatedOnToolsVersion = 14.3.1;
					};
				};
			};
			buildConfigurationList = 86AC2E2A2AA22FBD006BB8A8 /* Build configuration list for PBXProject "DrinkNotification" */;
			compatibilityVersion = "Xcode 14.0";
			developmentRegion = en;
			hasScannedForEncodings = 0;
			knownRegions = (
				en,
				Base,
			);
			mainGroup = 86AC2E262AA22FBD006BB8A8;
			productRefGroup = 86AC2E302AA22FBD006BB8A8 /* Products */;
			projectDirPath = "";
			projectRoot = "";
			targets = (
				86AC2E2E2AA22FBD006BB8A8 /* DrinkNotification */,
			);
		};
/* End PBXProject section */

/* Begin PBXResourcesBuildPhase section */
		86AC2E2D2AA22FBD006BB8A8 /* Resources */ = {
			isa = PBXResourcesBuildPhase;
			buildActionMask = 2147483647;
			files = (
				86AC2E3F2AA22FBE006BB8A8 /* LaunchScreen.storyboard in Resources */,
				86AC2E3C2AA22FBE006BB8A8 /* Assets.xcassets in Resources */,
				86AC2E4D2AA237DA006BB8A8 /* AlertListCell.xib in Resources */,
				86AC2E3A2AA22FBD006BB8A8 /* Main.storyboard in Resources */,
			);
			runOnlyForDeploymentPostprocessing = 0;
		};
/* End PBXResourcesBuildPhase section */

/* Begin PBXSourcesBuildPhase section */
		86AC2E2B2AA22FBD006BB8A8 /* Sources */ = {
			isa = PBXSourcesBuildPhase;
			buildActionMask = 2147483647;
			files = (
				86AC2E332AA22FBD006BB8A8 /* AppDelegate.swift in Sources */,
				86AC2E352AA22FBD006BB8A8 /* SceneDelegate.swift in Sources */,
				86AC2E4C2AA237DA006BB8A8 /* AlertListCell.swift in Sources */,
				86AC2E4F2AA23BBE006BB8A8 /* Alert.swift in Sources */,
				86AC2E492AA23052006BB8A8 /* AlertListViewController.swift in Sources */,
				86AC2E512AA24FEB006BB8A8 /* AddAlertViewController.swift in Sources */,
			);
			runOnlyForDeploymentPostprocessing = 0;
		};
/* End PBXSourcesBuildPhase section */

/* Begin PBXVariantGroup section */
		86AC2E382AA22FBD006BB8A8 /* Main.storyboard */ = {
			isa = PBXVariantGroup;
			children = (
				86AC2E392AA22FBD006BB8A8 /* Base */,
			);
			name = Main.storyboard;
			sourceTree = "<group>";
		};
		86AC2E3D2AA22FBE006BB8A8 /* LaunchScreen.storyboard */ = {
			isa = PBXVariantGroup;
			children = (
				86AC2E3E2AA22FBE006BB8A8 /* Base */,
			);
			name = LaunchScreen.storyboard;
			sourceTree = "<group>";
		};
/* End PBXVariantGroup section */

/* Begin XCBuildConfiguration section */
		86AC2E412AA22FBE006BB8A8 /* Debug */ = {
			isa = XCBuildConfiguration;
			buildSettings = {
				ALWAYS_SEARCH_USER_PATHS = NO;
				CLANG_ANALYZER_NONNULL = YES;
				CLANG_ANALYZER_NUMBER_OBJECT_CONVERSION = YES_AGGRESSIVE;
				CLANG_CXX_LANGUAGE_STANDARD = "gnu++20";
				CLANG_ENABLE_MODULES = YES;
				CLANG_ENABLE_OBJC_ARC = YES;
				CLANG_ENABLE_OBJC_WEAK = YES;
				CLANG_WARN_BLOCK_CAPTURE_AUTORELEASING = YES;
				CLANG_WARN_BOOL_CONVERSION = YES;
				CLANG_WARN_COMMA = YES;
				CLANG_WARN_CONSTANT_CONVERSION = YES;
				CLANG_WARN_DEPRECATED_OBJC_IMPLEMENTATIONS = YES;
				CLANG_WARN_DIRECT_OBJC_ISA_USAGE = YES_ERROR;
				CLANG_WARN_DOCUMENTATION_COMMENTS = YES;
				CLANG_WARN_EMPTY_BODY = YES;
				CLANG_WARN_ENUM_CONVERSION = YES;
				CLANG_WARN_INFINITE_RECURSION = YES;
				CLANG_WARN_INT_CONVERSION = YES;
				CLANG_WARN_NON_LITERAL_NULL_CONVERSION = YES;
				CLANG_WARN_OBJC_IMPLICIT_RETAIN_SELF = YES;
				CLANG_WARN_OBJC_LITERAL_CONVERSION = YES;
				CLANG_WARN_OBJC_ROOT_CLASS = YES_ERROR;
				CLANG_WARN_QUOTED_INCLUDE_IN_FRAMEWORK_HEADER = YES;
				CLANG_WARN_RANGE_LOOP_ANALYSIS = YES;
				CLANG_WARN_STRICT_PROTOTYPES = YES;
				CLANG_WARN_SUSPICIOUS_MOVE = YES;
				CLANG_WARN_UNGUARDED_AVAILABILITY = YES_AGGRESSIVE;
				CLANG_WARN_UNREACHABLE_CODE = YES;
				CLANG_WARN__DUPLICATE_METHOD_MATCH = YES;
				COPY_PHASE_STRIP = NO;
				DEBUG_INFORMATION_FORMAT = dwarf;
				ENABLE_STRICT_OBJC_MSGSEND = YES;
				ENABLE_TESTABILITY = YES;
				GCC_C_LANGUAGE_STANDARD = gnu11;
				GCC_DYNAMIC_NO_PIC = NO;
				GCC_NO_COMMON_BLOCKS = YES;
				GCC_OPTIMIZATION_LEVEL = 0;
				GCC_PREPROCESSOR_DEFINITIONS = (
					"DEBUG=1",
					"$(inherited)",
				);
				GCC_WARN_64_TO_32_BIT_CONVERSION = YES;
				GCC_WARN_ABOUT_RETURN_TYPE = YES_ERROR;
				GCC_WARN_UNDECLARED_SELECTOR = YES;
				GCC_WARN_UNINITIALIZED_AUTOS = YES_AGGRESSIVE;
				GCC_WARN_UNUSED_FUNCTION = YES;
				GCC_WARN_UNUSED_VARIABLE = YES;
				IPHONEOS_DEPLOYMENT_TARGET = 16.4;
				MTL_ENABLE_DEBUG_INFO = INCLUDE_SOURCE;
				MTL_FAST_MATH = YES;
				ONLY_ACTIVE_ARCH = YES;
				SDKROOT = iphoneos;
				SWIFT_ACTIVE_COMPILATION_CONDITIONS = DEBUG;
				SWIFT_OPTIMIZATION_LEVEL = "-Onone";
			};
			name = Debug;
		};
		86AC2E422AA22FBE006BB8A8 /* Release */ = {
			isa = XCBuildConfiguration;
			buildSettings = {
				ALWAYS_SEARCH_USER_PATHS = NO;
				CLANG_ANALYZER_NONNULL = YES;
				CLANG_ANALYZER_NUMBER_OBJECT_CONVERSION = YES_AGGRESSIVE;
				CLANG_CXX_LANGUAGE_STANDARD = "gnu++20";
				CLANG_ENABLE_MODULES = YES;
				CLANG_ENABLE_OBJC_ARC = YES;
				CLANG_ENABLE_OBJC_WEAK = YES;
				CLANG_WARN_BLOCK_CAPTURE_AUTORELEASING = YES;
				CLANG_WARN_BOOL_CONVERSION = YES;
				CLANG_WARN_COMMA = YES;
				CLANG_WARN_CONSTANT_CONVERSION = YES;
				CLANG_WARN_DEPRECATED_OBJC_IMPLEMENTATIONS = YES;
				CLANG_WARN_DIRECT_OBJC_ISA_USAGE = YES_ERROR;
				CLANG_WARN_DOCUMENTATION_COMMENTS = YES;
				CLANG_WARN_EMPTY_BODY = YES;
				CLANG_WARN_ENUM_CONVERSION = YES;
				CLANG_WARN_INFINITE_RECURSION = YES;
				CLANG_WARN_INT_CONVERSION = YES;
				CLANG_WARN_NON_LITERAL_NULL_CONVERSION = YES;
				CLANG_WARN_OBJC_IMPLICIT_RETAIN_SELF = YES;
				CLANG_WARN_OBJC_LITERAL_CONVERSION = YES;
				CLANG_WARN_OBJC_ROOT_CLASS = YES_ERROR;
				CLANG_WARN_QUOTED_INCLUDE_IN_FRAMEWORK_HEADER = YES;
				CLANG_WARN_RANGE_LOOP_ANALYSIS = YES;
				CLANG_WARN_STRICT_PROTOTYPES = YES;
				CLANG_WARN_SUSPICIOUS_MOVE = YES;
				CLANG_WARN_UNGUARDED_AVAILABILITY = YES_AGGRESSIVE;
				CLANG_WARN_UNREACHABLE_CODE = YES;
				CLANG_WARN__DUPLICATE_METHOD_MATCH = YES;
				COPY_PHASE_STRIP = NO;
				DEBUG_INFORMATION_FORMAT = "dwarf-with-dsym";
				ENABLE_NS_ASSERTIONS = NO;
				ENABLE_STRICT_OBJC_MSGSEND = YES;
				GCC_C_LANGUAGE_STANDARD = gnu11;
				GCC_NO_COMMON_BLOCKS = YES;
				GCC_WARN_64_TO_32_BIT_CONVERSION = YES;
				GCC_WARN_ABOUT_RETURN_TYPE = YES_ERROR;
				GCC_WARN_UNDECLARED_SELECTOR = YES;
				GCC_WARN_UNINITIALIZED_AUTOS = YES_AGGRESSIVE;
				GCC_WARN_UNUSED_FUNCTION = YES;
				GCC_WARN_UNUSED_VARIABLE = YES;
				IPHONEOS_DEPLOYMENT_TARGET = 16.4;
				MTL_ENABLE_DEBUG_INFO = NO;
				MTL_FAST_MATH = YES;
				SDKROOT = iphoneos;
				SWIFT_COMPILATION_MODE = wholemodule;
				SWIFT_OPTIMIZATION_LEVEL = "-O";
				VALIDATE_PRODUCT = YES;
			};
			name = Release;
		};
		86AC2E442AA22FBE006BB8A8 /* Debug */ = {
			isa = XCBuildConfiguration;
			buildSettings = {
				ASSETCATALOG_COMPILER_APPICON_NAME = AppIcon;
				ASSETCATALOG_COMPILER_GLOBAL_ACCENT_COLOR_NAME = AccentColor;
				CODE_SIGN_STYLE = Automatic;
				CURRENT_PROJECT_VERSION = 1;
				DEVELOPMENT_TEAM = SC2M4P5Z8J;
				GENERATE_INFOPLIST_FILE = YES;
				INFOPLIST_FILE = DrinkNotification/Info.plist;
				INFOPLIST_KEY_UIApplicationSupportsIndirectInputEvents = YES;
				INFOPLIST_KEY_UILaunchStoryboardName = LaunchScreen;
				INFOPLIST_KEY_UIMainStoryboardFile = Main;
				INFOPLIST_KEY_UISupportedInterfaceOrientations_iPad = "UIInterfaceOrientationPortrait UIInterfaceOrientationPortraitUpsideDown UIInterfaceOrientationLandscapeLeft UIInterfaceOrientationLandscapeRight";
				INFOPLIST_KEY_UISupportedInterfaceOrientations_iPhone = "UIInterfaceOrientationPortrait UIInterfaceOrientationLandscapeLeft UIInterfaceOrientationLandscapeRight";
				LD_RUNPATH_SEARCH_PATHS = (
					"$(inherited)",
					"@executable_path/Frameworks",
				);
				MARKETING_VERSION = 1.0;
				PRODUCT_BUNDLE_IDENTIFIER = com.torinunna.DrinkNotification;
				PRODUCT_NAME = "$(TARGET_NAME)";
				SWIFT_EMIT_LOC_STRINGS = YES;
				SWIFT_VERSION = 5.0;
				TARGETED_DEVICE_FAMILY = "1,2";
			};
			name = Debug;
		};
		86AC2E452AA22FBE006BB8A8 /* Release */ = {
			isa = XCBuildConfiguration;
			buildSettings = {
				ASSETCATALOG_COMPILER_APPICON_NAME = AppIcon;
				ASSETCATALOG_COMPILER_GLOBAL_ACCENT_COLOR_NAME = AccentColor;
				CODE_SIGN_STYLE = Automatic;
				CURRENT_PROJECT_VERSION = 1;
				DEVELOPMENT_TEAM = SC2M4P5Z8J;
				GENERATE_INFOPLIST_FILE = YES;
				INFOPLIST_FILE = DrinkNotification/Info.plist;
				INFOPLIST_KEY_UIApplicationSupportsIndirectInputEvents = YES;
				INFOPLIST_KEY_UILaunchStoryboardName = LaunchScreen;
				INFOPLIST_KEY_UIMainStoryboardFile = Main;
				INFOPLIST_KEY_UISupportedInterfaceOrientations_iPad = "UIInterfaceOrientationPortrait UIInterfaceOrientationPortraitUpsideDown UIInterfaceOrientationLandscapeLeft UIInterfaceOrientationLandscapeRight";
				INFOPLIST_KEY_UISupportedInterfaceOrientations_iPhone = "UIInterfaceOrientationPortrait UIInterfaceOrientationLandscapeLeft UIInterfaceOrientationLandscapeRight";
				LD_RUNPATH_SEARCH_PATHS = (
					"$(inherited)",
					"@executable_path/Frameworks",
				);
				MARKETING_VERSION = 1.0;
				PRODUCT_BUNDLE_IDENTIFIER = com.torinunna.DrinkNotification;
				PRODUCT_NAME = "$(TARGET_NAME)";
				SWIFT_EMIT_LOC_STRINGS = YES;
				SWIFT_VERSION = 5.0;
				TARGETED_DEVICE_FAMILY = "1,2";
			};
			name = Release;
		};
/* End XCBuildConfiguration section */

/* Begin XCConfigurationList section */
		86AC2E2A2AA22FBD006BB8A8 /* Build configuration list for PBXProject "DrinkNotification" */ = {
			isa = XCConfigurationList;
			buildConfigurations = (
				86AC2E412AA22FBE006BB8A8 /* Debug */,
				86AC2E422AA22FBE006BB8A8 /* Release */,
			);
			defaultConfigurationIsVisible = 0;
			defaultConfigurationName = Release;
		};
		86AC2E432AA22FBE006BB8A8 /* Build configuration list for PBXNativeTarget "DrinkNotification" */ = {
			isa = XCConfigurationList;
			buildConfigurations = (
				86AC2E442AA22FBE006BB8A8 /* Debug */,
				86AC2E452AA22FBE006BB8A8 /* Release */,
			);
			defaultConfigurationIsVisible = 0;
			defaultConfigurationName = Release;
		};
/* End XCConfigurationList section */
	};
	rootObject = 86AC2E272AA22FBD006BB8A8 /* Project object */;
}
